lockfileVersion: '9.0'

settings:
  autoInstallPeers: true
  excludeLinksFromLockfile: false

packageExtensionsChecksum: sha256-9L77HZvEJTOIjqhR1FkJr2NbwRz4andude3vf3Sqs+Q=

importers:

  .:
    devDependencies:
      '@types/node':
        specifier: ^26.1.1
        version: 26.1.1
      magic-oxfmt-config:
        specifier: workspace:*
        version: link:packages/oxfmt-config
      magic-oxlint-config:
        specifier: workspace:*
        version: link:packages/oxlint-config
      magic-oxlint-plugin:
        specifier: workspace:*
        version: link:packages/oxlint-plugin
      magic-tsconfig:
        specifier: workspace:*
        version: link:packages/tsconfig
      oxfmt:
        specifier: 0.60.0
        version: 0.60.0
      oxlint:
        specifier: 1.75.0
        version: 1.75.0
      turbo:
        specifier: ^2.10.7
        version: 2.10.7
      typescript:
        specifier: ^7.0.2
        version: 7.0.2

  fixtures/smoke:
    devDependencies:
      magic-oxlint-config:
        specifier: workspace:*
        version: link:../../packages/oxlint-config
      magic-oxlint-plugin:
        specifier: workspace:*
        version: link:../../packages/oxlint-plugin

  packages/codemods:
    dependencies:
      ts-morph:
        specifier: ^28.0.0
        version: 28.0.0
    devDependencies:
      magic-oxlint-config:
        specifier: workspace:*
        version: link:../oxlint-config
      magic-tsconfig:
        specifier: workspace:*
        version: link:../tsconfig
      oxlint:
        specifier: 1.75.0
        version: 1.75.0
      typescript:
        specifier: ^7.0.2
        version: 7.0.2

  packages/observability:
    devDependencies:
      '@posthog/react':
        specifier: ^1.10.0
        version: 1.10.3(@types/react@19.2.17)(posthog-js@1.407.2)(react@19.2.8)
      '@types/react':
        specifier: ^19.0.0
        version: 19.2.17
      magic-tsconfig:
        specifier: workspace:*
        version: link:../tsconfig
      oxlint:
        specifier: 1.75.0
        version: 1.75.0
      posthog-js:
        specifier: ^1.257.2
        version: 1.407.2
      posthog-node:
        specifier: ^5.0.0
        version: 5.46.1
      posthog-react-native:
        specifier: ^4.35.0
        version: 4.60.0
      react:
        specifier: ^19.0.0
        version: 19.2.8
      typescript:
        specifier: ^7.0.2
        version: 7.0.2

  packages/oxfmt-config:
    devDependencies:
      magic-tsconfig:
        specifier: workspace:*
        version: link:../tsconfig
      oxfmt:
        specifier: 0.60.0
        version: 0.60.0
      typescript:
        specifier: ^7.0.2
        version: 7.0.2

  packages/oxlint-config:
    dependencies:
      eslint-plugin-react-native:
        specifier: ^5.0.0
        version: 5.0.0
      eslint-plugin-safe-jsx:
        specifier: ^1.3.0
        version: 1.3.0
      oxlint:
        specifier: '>=1.75.0'
        version: 1.75.0
    devDependencies:
      magic-tsconfig:
        specifier: workspace:*
        version: link:../tsconfig
      typescript:
        specifier: ^7.0.2
        version: 7.0.2

  packages/oxlint-plugin:
    devDependencies:
      magic-tsconfig:
        specifier: workspace:*
        version: link:../tsconfig
      oxlint:
        specifier: 1.75.0
        version: 1.75.0
      typescript:
        specifier: ^7.0.2
        version: 7.0.2

  packages/tsconfig:
    devDependencies:
      typescript:
        specifier: ^7.0.2
        version: 7.0.2

packages:

  '@oxfmt/binding-android-arm-eabi@0.60.0':
    resolution: {integrity: sha512-1q4q4Jc8FlOMVojEisyFAVyl8h1yawNv6phjgmhGVEDeyeOdsSnSr9x0+D4mOnEKvpO5L4mxKZ/DP9X6U3A/Mw==}
    engines: {node: ^20.19.0 || >=22.12.0}
    cpu: [arm]
    os: [android]

  '@oxfmt/binding-android-arm64@0.60.0':
    resolution: {integrity: sha512-tD41I6nCt9k8SQXft0CSjjU9jg6SwG7uMu7PxodSEHXl+GDW0868oy6tTtoJkyUze8YKFgTpz/k5LuPUnFiGLw==}
    engines: {node: ^20.19.0 || >=22.12.0}
    cpu: [arm64]
    os: [android]

  '@oxfmt/binding-darwin-arm64@0.60.0':
    resolution: {integrity: sha512-TTpzPug96Zxdyb46KvTyIUQDdsqbumXh2TKG9C23PCT0kF7JkW56Z/quPuG9rqOFKQIi1gpRNZ7DX18LwxXPnw==}
    engines: {node: ^20.19.0 || >=22.12.0}
    cpu: [arm64]
    os: [darwin]

  '@oxfmt/binding-darwin-x64@0.60.0':
    resolution: {integrity: sha512-CnOoWgQ7L+JL/YQaRJ+NyATciSfcftncm7y3kqyte1cGtFEGnStaCd1TAyrinkfQ7nRBfHrTs1/vTwUJr3WF2Q==}
    engines: {node: ^20.19.0 || >=22.12.0}
    cpu: [x64]
    os: [darwin]

  '@oxfmt/binding-freebsd-x64@0.60.0':
    resolution: {integrity: sha512-ychJo7S3hZxdO6eDZ9zM6F2lM9fpJS3EKS5CAUSWyprdLYxTu4gbaUKV/VBPTcMJwQa2Bpo+643y3OJ537pihA==}
    engines: {node: ^20.19.0 || >=22.12.0}
    cpu: [x64]
    os: [freebsd]

  '@oxfmt/binding-linux-arm-gnueabihf@0.60.0':
    resolution: {integrity: sha512-36IH5o55T2Fx7E0feDttt+mifxN6yk9pWv4KfhAIsP0dFnUq27331OwbpOsZdoXF9soOLWm7mQUz5+UUmyec4g==}
    engines: {node: ^20.19.0 || >=22.12.0}
    cpu: [arm]
    os: [linux]

  '@oxfmt/binding-linux-arm-musleabihf@0.60.0':
    resolution: {integrity: sha512-G1Ve7lAa6sFBolVI2LWHfEAqy0YKh4vnioH8uYO9kAEdgM7mR40IksIx9/Zk4+vbYew/sGa4J9Q4tZ3n9gXDHA==}
    engines: {node: ^20.19.0 || >=22.12.0}
    cpu: [arm]
    os: [linux]

  '@oxfmt/binding-linux-arm64-gnu@0.60.0':
    resolution: {integrity: sha512-LTQdRBf6uzj/h7Xk6lKzbGD2hrF/fK4YI9LIN1c0509tPUn8wRa3mCmrFQpEWJPLYGFrLFFMTYW1Ljj6VqW2Hw==}
    engines: {node: ^20.19.0 || >=22.12.0}
    cpu: [arm64]
    os: [linux]
    libc: [glibc]

  '@oxfmt/binding-linux-arm64-musl@0.60.0':
    resolution: {integrity: sha512-2JMo3XPxMPx3hiqddSZYyaH+fKJm6cz0u8n1naYjP/CdOQOZW34i8lKBUfmbWiuFvd6KoYXLmhAyBuvojsYS7Q==}
    engines: {node: ^20.19.0 || >=22.12.0}
    cpu: [arm64]
    os: [linux]
    libc: [musl]

  '@oxfmt/binding-linux-ppc64-gnu@0.60.0':
    resolution: {integrity: sha512-L3C+nBD13lr306tr/PjM3RMll+BVqgFrIgUyoeHuai5oueJrRLgO3j+GO5/Cbhtkf5PSlHYTI1JY7iqBd1qa6A==}
    engines: {node: ^20.19.0 || >=22.12.0}
    cpu: [ppc64]
    os: [linux]
    libc: [glibc]

  '@oxfmt/binding-linux-riscv64-gnu@0.60.0':
    resolution: {integrity: sha512-M4MsmvqlxFiPtSRGyBYQSZxchEf463AOyd+Dh4/9xDpjWBsRtDUTDMFN5EdHinjVK1/eDJQ8MLpcYjpYayaCnA==}
    engines: {node: ^20.19.0 || >=22.12.0}
    cpu: [riscv64]
    os: [linux]
    libc: [glibc]

  '@oxfmt/binding-linux-riscv64-musl@0.60.0':
    resolution: {integrity: sha512-OH+9UskYuxRB+GxqdGkVN8f5UpwhqG8YscNo1wl8+KJ62cd7wZdGga6iGLJIf8kibF1WBwvlfDUx3cez/VXwFg==}
    engines: {node: ^20.19.0 || >=22.12.0}
    cpu: [riscv64]
    os: [linux]
    libc: [musl]

  '@oxfmt/binding-linux-s390x-gnu@0.60.0':
    resolution: {integrity: sha512-y7AAFutt9wFWBFOAn6+BHaV39usZmcr3YYH2385f+NHgPNpIF9HpqKp0jgUxPaUOCyG3oaX5VhJduL1Nw164rw==}
    engines: {node: ^20.19.0 || >=22.12.0}
    cpu: [s390x]
    os: [linux]
    libc: [glibc]

  '@oxfmt/binding-linux-x64-gnu@0.60.0':
    resolution: {integrity: sha512-yKZ9+CXAI+1RO5nH/4Z/9M6DAsfOzd5bw/gtWk81KB4mpalMaRRSXfouc5/tHxazDmBek55HNPepNYBgaCew0Q==}
    engines: {node: ^20.19.0 || >=22.12.0}
    cpu: [x64]
    os: [linux]
    libc: [glibc]

  '@oxfmt/binding-linux-x64-musl@0.60.0':
    resolution: {integrity: sha512-bCUGaF6hJOYnQzLJdHLZbvGsOd5oSvGAyJhPAKum2uyLYUuXmP8vqg690DWi2hqcnIoYpqSqCrjzE5aiUAgwQg==}
    engines: {node: ^20.19.0 || >=22.12.0}
    cpu: [x64]
    os: [linux]
    libc: [musl]

  '@oxfmt/binding-openharmony-arm64@0.60.0':
    resolution: {integrity: sha512-GrUeZOvzP30ExxfCuQiyofuUGI+OmvAgFwOO5w5p9mGPlxcyuqI+6Sy9fAKFFfLQrqKYWFgc5sYA2Unj/29nPg==}
    engines: {node: ^20.19.0 || >=22.12.0}
    cpu: [arm64]
    os: [openharmony]

  '@oxfmt/binding-win32-arm64-msvc@0.60.0':
    resolution: {integrity: sha512-WD4Q954kUl2TDJV/6q7UnE2rlKk047kXLJsr4bJ2mXRaAqNXcmV3nwKUsGCc3mz/jYDBnXtJEaBErJEybK8iQQ==}
    engines: {node: ^20.19.0 || >=22.12.0}
    cpu: [arm64]
    os: [win32]

  '@oxfmt/binding-win32-ia32-msvc@0.60.0':
    resolution: {integrity: sha512-HqDekjr8JXzVDUP1YthDZ1Y3CBEcuZT4WX3B+1kaxj8CvZA8Y2YhcEsXqoSop3tVsgjACxjnFQFDkBo0r/jq1Q==}
    engines: {node: ^20.19.0 || >=22.12.0}
    cpu: [ia32]
    os: [win32]

  '@oxfmt/binding-win32-x64-msvc@0.60.0':
    resolution: {integrity: sha512-tz78yhmGPKboTMHCHSaUqXK8JrmoSejgDcWeqAtg2s07ZGKQ3rH5Jn8NuXPGNG33CDbY2e9NoQWXIVEmKO21Rw==}
    engines: {node: ^20.19.0 || >=22.12.0}
    cpu: [x64]
    os: [win32]

  '@oxlint/binding-android-arm-eabi@1.75.0':
    resolution: {integrity: sha512-lutovtFzJqlRaqpZrCqSSGaHZzl9nIxxpjLzhSRLunN6dCLylj0uzlCyQGaQDIys7rrv8kVXiFO+R4Zpn0bX7g==}
    engines: {node: ^20.19.0 || >=22.12.0}
    cpu: [arm]
    os: [android]

  '@oxlint/binding-android-arm64@1.75.0':
    resolution: {integrity: sha512-hXI0hDgHkw4w5nfru72aG7y+2iQJmC4waH/KV6H/hbgA6yAP5jYNx0P9yug15Hs0tWl/+mda3Jjn/2gmDT48tw==}
    engines: {node: ^20.19.0 || >=22.12.0}
    cpu: [arm64]
    os: [android]

  '@oxlint/binding-darwin-arm64@1.75.0':
    resolution: {integrity: sha512-D91BWbK/dMYfCcrghspPIuKs2D9LF4Z/OabVSQjw1AO6PWxArD7teDA48bm0ySFqWDaPVqmQRl5GMWNglTXyrQ==}
    engines: {node: ^20.19.0 || >=22.12.0}
    cpu: [arm64]
    os: [darwin]

  '@oxlint/binding-darwin-x64@1.75.0':
    resolution: {integrity: sha512-02mpwzf12BonZ6PT0TuQoomvEh2kVl2WGBIKWezCyToIS+rYkQZ6GXnARBAl9A4Ovm2V+Xe7M4KretyqmmcnJQ==}
    engines: {node: ^20.19.0 || >=22.12.0}
    cpu: [x64]
    os: [darwin]

  '@oxlint/binding-freebsd-x64@1.75.0':
    resolution: {integrity: sha512-qZJgLnDaBsiL5YESx2t/TZ8eXkL9fEkKoXEdzegROhlz9A0lgyGnZ0dAzJrh7LJAHQl2K9RdRueN2s/9N7+odg==}
    engines: {node: ^20.19.0 || >=22.12.0}
    cpu: [x64]
    os: [freebsd]

  '@oxlint/binding-linux-arm-gnueabihf@1.75.0':
    resolution: {integrity: sha512-7XlaWA5BJD3XpCfrEqjEe6Zseeb14S7QGa304XfwKignRaKQ+eIj775BQ7nIslggWickl4IsPUFqJ+/gAyNHVg==}
    engines: {node: ^20.19.0 || >=22.12.0}
    cpu: [arm]
    os: [linux]

  '@oxlint/binding-linux-arm-musleabihf@1.75.0':
    resolution: {integrity: sha512-av6Tpv8yrcMMMOadOqENBhlsLRcGFXXwoQ0hzHhsmS9FJ4Wioy8we427GbcMe2XTxmL2e60T67H1Dyr3up+tAA==}
    engines: {node: ^20.19.0 || >=22.12.0}
    cpu: [arm]
    os: [linux]

  '@oxlint/binding-linux-arm64-gnu@1.75.0':
    resolution: {integrity: sha512-WcUhd8fHT5plrA14lANevl+hOl815mVI5t2hU21oFWrZKFXIVV/Sr4rWQV0NzSvzBupbMLNc5ErEA6Ehxh5jMg==}
    engines: {node: ^20.19.0 || >=22.12.0}
    cpu: [arm64]
    os: [linux]
    libc: [glibc]

  '@oxlint/binding-linux-arm64-musl@1.75.0':
    resolution: {integrity: sha512-UWzp5wRHFe/ESO3+eEaxXsTkYTGLYjnTsi/I5neEacXSItQ6WNleapfOAeA4x2b8nyhJ4uQxqvtv9pHv8kWJtQ==}
    engines: {node: ^20.19.0 || >=22.12.0}
    cpu: [arm64]
    os: [linux]
    libc: [musl]

  '@oxlint/binding-linux-ppc64-gnu@1.75.0':
    resolution: {integrity: sha512-XEVRwGMLKCUKrvhLAz4F6AIh8MJrQVdSZtAmPpRZt9tGPsUnamPOcl3dS/ZQzJnar/Ymgc//+xho0L60Emzuxg==}
    engines: {node: ^20.19.0 || >=22.12.0}
    cpu: [ppc64]
    os: [linux]
    libc: [glibc]

  '@oxlint/binding-linux-riscv64-gnu@1.75.0':
    resolution: {integrity: sha512-mAG4DUXqfLC8cTjMD2kt3jDmVzFREYtDyeLNdLdsCcBc4Zbl2EMuiFektGBilQwkNjYnMvCqJs55U+Hyb+b+jw==}
    engines: {node: ^20.19.0 || >=22.12.0}
    cpu: [riscv64]
    os: [linux]
    libc: [glibc]

  '@oxlint/binding-linux-riscv64-musl@1.75.0':
    resolution: {integrity: sha512-95hrAvriAlI+pekSomTFIn0+bawMDlDwTNVmdjsFusTHyL2JWh7TWvRNG/Lkim72uN8OiCcO9wcaC6omLP5E3w==}
    engines: {node: ^20.19.0 || >=22.12.0}
    cpu: [riscv64]
    os: [linux]
    libc: [musl]

  '@oxlint/binding-linux-s390x-gnu@1.75.0':
    resolution: {integrity: sha512-4b6f2+FrtruAESrCqIKcrarzfrSx+wk2QNcp+RT91/Prc+pMQMAfyZ1rG1c3tFQNl8Bc616tx40uNXyxNBRPbQ==}
    engines: {node: ^20.19.0 || >=22.12.0}
    cpu: [s390x]
    os: [linux]
    libc: [glibc]

  '@oxlint/binding-linux-x64-gnu@1.75.0':
    resolution: {integrity: sha512-nshAhrUvXFUWOvqQ2soIw7HFNWvpvEV4o0cYSqPtzLiPF5gKyYTDOOTJ6Rn8g8K/iGvPIrbDA4v8+5MvnjJrrg==}
    engines: {node: ^20.19.0 || >=22.12.0}
    cpu: [x64]
    os: [linux]
    libc: [glibc]

  '@oxlint/binding-linux-x64-musl@1.75.0':
    resolution: {integrity: sha512-e4jNxLKnxLC6sYBQRxrI2pgIIxnmMtF8U/VwNYcjTT/CLS+spH624cYVnj07bTKwaEWT37/e025isOs6j/0xqA==}
    engines: {node: ^20.19.0 || >=22.12.0}
    cpu: [x64]
    os: [linux]
    libc: [musl]

  '@oxlint/binding-openharmony-arm64@1.75.0':
    resolution: {integrity: sha512-hZ2lH+1qLf/DiEP9UWuQTK2JWj/BgvMB4jhIV4SmNU1wfEiYYX4TynQyAZXx0j9X4qRYizAL042SKaV+8ynh4w==}
    engines: {node: ^20.19.0 || >=22.12.0}
    cpu: [arm64]
    os: [openharmony]

  '@oxlint/binding-win32-arm64-msvc@1.75.0':
    resolution: {integrity: sha512-Ilj6PNzGDS3bCU0MSJH7Msh0NhH+T/mRp2shwg+q+GHeVlPwP5LEboW96aW+3kVKFk6zYZy1Xi5pZkqZh6X8KQ==}
    engines: {node: ^20.19.0 || >=22.12.0}
    cpu: [arm64]
    os: [win32]

  '@oxlint/binding-win32-ia32-msvc@1.75.0':
    resolution: {integrity: sha512-QVit2nOEOiPhkmsrksPSkoGCdnZRNkspt8fwoYyP09te1VEbnSj4LAxua4rc8FKTmWkySVe05j8iz9GXYfF1AQ==}
    engines: {node: ^20.19.0 || >=22.12.0}
    cpu: [ia32]
    os: [win32]

  '@oxlint/binding-win32-x64-msvc@1.75.0':
    resolution: {integrity: sha512-DSxnNkBUAYARPwJtR12Ig3deWr8w0H997xP6jy33i+e0SyYJw8FKuz4+cZtpmPEhQmvlPJE3X/2vNxDmLkd/rA==}
    engines: {node: ^20.19.0 || >=22.12.0}
    cpu: [x64]
    os: [win32]

  '@posthog/browser-common@0.2.1':
    resolution: {integrity: sha512-FTVPsRw6GBKWvFwN26TNIQNNYPR9FsUj+B+CKhk/ht63IRzn4yYFtFOjcmW+bfXvNHuRADs6APbZ6Haz1kpoAw==}

  '@posthog/core@1.45.1':
    resolution: {integrity: sha512-tLtvzomavb2PPWdGYKsusyIzIeL2Px47v348Smibkay7sMy/83TyPk+Ptsp2NdeOgJsbuwSxWkR2+XA0aSCAaA==}

  '@posthog/react@1.10.3':
    resolution: {integrity: sha512-Qu//fGQmVlX0B9kTA3LLg67e7AYLEmeuA0Bf1qSyUM0uUILcRQGjQezhNQPLYSTakOqvXEnl6fM2iQBF6Toxrw==}
    peerDependencies:
      '@types/react': '>=16.8.0'
      posthog-js: '>=1.257.2'
      react: '>=16.8.0'
    peerDependenciesMeta:
      '@types/react':
        optional: true

  '@posthog/types@1.398.0':
    resolution: {integrity: sha512-sJMkl4k+u8yS/0fjHsKqE9xTdsAh30a2WvgChiptellnVoE0e8QJKFgqOMD2sk8FaEArPdeFklAhXvmENAt3Sg==}

  '@ts-morph/common@0.29.0':
    resolution: {integrity: sha512-35oUmphHbJvQ/+UTwFNme/t2p3FoKiGJ5auTjjpNTop2dyREspirjMy82PLSC1pnDJ8ah1GU98hwpVt64YXQsg==}

  '@turbo/darwin-64@2.10.7':
    resolution: {integrity: sha512-/c9cSBRermWDv85oufLhoH6XRLOVbvzJLRd+WLyfJCP+i0HFLQj4PVNDrHcY17/ve5l8X0Oua4bJBqJUgJPnZA==}
    cpu: [x64]
    os: [darwin]

  '@turbo/darwin-arm64@2.10.7':
    resolution: {integrity: sha512-8lpCCGWZBl9PIF8w8f2iEWrLMbHBWIfJeV6l2UEGqysD6HRIM4ySj/8R7HGEzbECJ4r/gnJcHmxEoG8yjFe64A==}
    cpu: [arm64]
    os: [darwin]

  '@turbo/linux-64@2.10.7':
    resolution: {integrity: sha512-Midw9Ed00yw9rqkWN82fY3LmLNFQ6yiL1GXB56DJKUEjWaEd27zh7ohCxzzrjfjQVrEeVWd3UPytTAV16XDQlA==}
    cpu: [x64]
    os: [linux]

  '@turbo/linux-arm64@2.10.7':
    resolution: {integrity: sha512-UVEy+MW/xn4BcsiV3v3uv0/oObyaQgVtRT+Jj4WE53rNH05VEYEc1Z13q3zV6276wCZR4Yxc4hiTTcjw7PjSpg==}
    cpu: [arm64]
    os: [linux]

  '@turbo/windows-64@2.10.7':
    resolution: {integrity: sha512-l2nH9KGLV46SWjcXvyc2+xo5gdf5J0NVADknQk9OCJhzJBpiNl/byd26yIfwZBjLupdqT6UOdPhPxcpUPxRykQ==}
    cpu: [x64]
    os: [win32]

  '@turbo/windows-arm64@2.10.7':
    resolution: {integrity: sha512-qjE1apG6RThuX49vUJd5ks2dV2ndXC2qktDChQonFMvUzrMrEnZMQzO+IgxBiYq1j+NbXQcRwj84nGnk1TBw1g==}
    cpu: [arm64]
    os: [win32]

  '@types/node@26.1.1':
    resolution: {integrity: sha512-nxAkRSVkN1Y0JC1W8ky/fTfkGsMmcrRsbx+3XoZE+rMOX71kLYTV7fLXpqud1GpbpP5TuffXFqfX7fH2GgZREw==}

  '@types/react@19.2.17':
    resolution: {integrity: sha512-MXfmqaVPEVgkBT/aY0aGCkRWWtByiYQXo3xdQ8r5RzuFrPiRn8Gar2tQdXSUQ2GKV3bkXckek89V8wQBY2Q/Aw==}

  '@types/trusted-types@2.0.7':
    resolution: {integrity: sha512-ScaPdn1dQczgbl0QFTeTOmVHFULt394XJgOQNoyVhZ6r2vLnMLJfBPd53SB52T/3G36VI1/g2MZaX0cwDuXsfw==}

  '@typescript/typescript-aix-ppc64@7.0.2':
    resolution: {integrity: sha512-MTKKkWB7p/0E9xi1d1tHtZ5PiLkGEMIq88pK2CubZjOsLtYTLqhgIgi6zepFa+9GHZ6h05NMCkQxGKiPXMxXtQ==}
    engines: {node: '>=16.20.0'}
    cpu: [ppc64]
    os: [aix]

  '@typescript/typescript-darwin-arm64@7.0.2':
    resolution: {integrity: sha512-gowzar9MwS/aRWp6f3a4KUqzRjAZjOsmGNCM6LcTgXum+dBfgsBVMN+AgvOCCbguXyick6LJhpBszxMebJ8syA==}
    engines: {node: '>=16.20.0'}
    cpu: [arm64]
    os: [darwin]

  '@typescript/typescript-darwin-x64@7.0.2':
    resolution: {integrity: sha512-SZ9xZInqApNlNGc9s0W1VSsktYSOe9cFqNOIqmN1Gs8SmkjKZYFt017G4VwPxASInODuAdbTW7sXiFUf893RgA==}
    engines: {node: '>=16.20.0'}
    cpu: [x64]
    os: [darwin]

  '@typescript/typescript-freebsd-arm64@7.0.2':
    resolution: {integrity: sha512-W5NH4y/J0plIIS5b2xvTEkU7JFxyqdMAOgf+Ilhl0vHQXKO5dZoxd+C/jEtq56c4F3wk71RB4BMRQ2XdI+bwYQ==}
    engines: {node: '>=16.20.0'}
    cpu: [arm64]
    os: [freebsd]

  '@typescript/typescript-freebsd-x64@7.0.2':
    resolution: {integrity: sha512-UMGDx5sTpzNw3WiPebH7l90IWfJggEd+egHt/q6p7/Cm3zqoV7VxkGXt+3DxPIw8CcmvAB0j3sVVfbhX+M4Tpw==}
    engines: {node: '>=16.20.0'}
    cpu: [x64]
    os: [freebsd]

  '@typescript/typescript-linux-arm64@7.0.2':
    resolution: {integrity: sha512-Qh4eU4/y3yDjnfjjyPYihMj5/ODIlmt+Bzu17OI+fiSRDW57QmU5SiN63exPRNJPKUzcc1INa1NXdrJ+MqHjUQ==}
    engines: {node: '>=16.20.0'}
    cpu: [arm64]
    os: [linux]

  '@typescript/typescript-linux-arm@7.0.2':
    resolution: {integrity: sha512-gffT3xPz9sR7j/YJExkyPntrI0P2EP9XbOyWzth2/Gs0RstK+90RBcO0ncXoXy/beYll1SXw846Nf2zdnEz0QQ==}
    engines: {node: '>=16.20.0'}
    cpu: [arm]
    os: [linux]

  '@typescript/typescript-linux-loong64@7.0.2':
    resolution: {integrity: sha512-uEHck9i8hoAzXPiYRib1O7miOnz23SxIeVl6F4LXox+qov1K35jHcEW6VHKvZI+pyvl7fZEP4MCU5LYvIq1GuQ==}
    engines: {node: '>=16.20.0'}
    cpu: [loong64]
    os: [linux]

  '@typescript/typescript-linux-mips64el@7.0.2':
    resolution: {integrity: sha512-R4KvAMnE43W5Qeqb0Ly56O3mWMWIAgsMyz36DCaycd5nbg/9kzm0liw3JocfRqyJY0KPmzFjbswozXyW0DnIYA==}
    engines: {node: '>=16.20.0'}
    cpu: [mips64el]
    os: [linux]

  '@typescript/typescript-linux-ppc64@7.0.2':
    resolution: {integrity: sha512-DORx5b3sd/4S7eayxm4FQv+A7CrkUIGRaHiwI8oiHTAI1fAPWhF4J0vAlkC8biAlHSVVwxMQ3tjZ2/DVbnQiiA==}
    engines: {node: '>=16.20.0'}
    cpu: [ppc64]
    os: [linux]

  '@typescript/typescript-linux-riscv64@7.0.2':
    resolution: {integrity: sha512-wf0jqEDOjrPRnKwYRyyJDRo11KMbvMFrU+q4zqKyChODBzvlkbhNQfKvLxQCcwTpdDaXSHZTVuh0JoCrKCUMHQ==}
    engines: {node: '>=16.20.0'}
    cpu: [riscv64]
    os: [linux]

  '@typescript/typescript-linux-s390x@7.0.2':
    resolution: {integrity: sha512-IkwJc3L7yhytWd/ewjyxNDfOmswCm9GWMJT/ue/dU4aZNbwZeYAetq42VyLmsmSjvoX7z74X6ZaYCtzAr0EuGw==}
    engines: {node: '>=16.20.0'}
    cpu: [s390x]
    os: [linux]

  '@typescript/typescript-linux-x64@7.0.2':
    resolution: {integrity: sha512-EYdf2cNg7rgCWJnxCdJ+F3V39O8ihb37eHAu1LK8oAFizgTQbPOK7zHHXbPt8rX24COqODXeI3sIf0fCXG7H/A==}
    engines: {node: '>=16.20.0'}
    cpu: [x64]
    os: [linux]

  '@typescript/typescript-netbsd-arm64@7.0.2':
    resolution: {integrity: sha512-+polYF4MF04aPpO5FTkHran9yUQDSXqy5GiSDKpsll5jy3l3+g9QLhpf39T+ePtefhXLOGrLl0QIjkQP6VnelA==}
    engines: {node: '>=16.20.0'}
    cpu: [arm64]
    os: [netbsd]

  '@typescript/typescript-netbsd-x64@7.0.2':
    resolution: {integrity: sha512-8YIT0EHM/3dq10ZOVF/A7pc/YSMtbcecct4rWtexrnSCHOPcpC2KTLXfTCR6vDpnSiY12heNb1GiN/wu+T/FyA==}
    engines: {node: '>=16.20.0'}
    cpu: [x64]
    os: [netbsd]

  '@typescript/typescript-openbsd-arm64@7.0.2':
    resolution: {integrity: sha512-APT8+ClYnuYm1u9+kgGXoMj2VzWzcymwh2gNSQVySHfkRDGOTVkoWLjCmOQSaO+PoqQ57B0flRp9SA+7GnnkzQ==}
    engines: {node: '>=16.20.0'}
    cpu: [arm64]
    os: [openbsd]

  '@typescript/typescript-openbsd-x64@7.0.2':
    resolution: {integrity: sha512-yX7s+Q0Dln0Dt9tEzZsAjXXR/+ytBM7AlglaqyeMPxQszJ1JhlJdZ6jLA+IzldHtflX81em7lDao1xXu+aRRkg==}
    engines: {node: '>=16.20.0'}
    cpu: [x64]
    os: [openbsd]

  '@typescript/typescript-sunos-x64@7.0.2':
    resolution: {integrity: sha512-dLJDGaLZ1D4HPQn62u1n8mBDkJREwMsAkCdkwd4Ieqw+x3TUyTsqY0YiBCtE6H6OzzgGk3iuZ3vFWRS+E8/d1g==}
    engines: {node: '>=16.20.0'}
    cpu: [x64]
    os: [sunos]

  '@typescript/typescript-win32-arm64@7.0.2':
    resolution: {integrity: sha512-Gyl1Vy6OsWesLzmq+EP0Fb7b4Nid5232AvcA2SFcdYreldpNtYFFofPjnt62y9hQy7VTaZp65ICJjuAQRaVcIQ==}
    engines: {node: '>=16.20.0'}
    cpu: [arm64]
    os: [win32]

  '@typescript/typescript-win32-x64@7.0.2':
    resolution: {integrity: sha512-0BQ3HkAHHlKLSp1qRvf3SUhGpGsDuhB/jgFw75guyqbxJqEaS0Cw/VFO8i2nHglJUzQCRtMMR/IBAKE3ETMC4g==}
    engines: {node: '>=16.20.0'}
    cpu: [x64]
    os: [win32]

  balanced-match@4.0.4:
    resolution: {integrity: sha512-BLrgEcRTwX2o6gGxGOCNyMvGSp35YofuYzw9h1IMTRmKqttAZZVU67bdb9Pr2vUHA8+j3i2tJfjO6C6+4myGTA==}
    engines: {node: 18 || 20 || >=22}

  brace-expansion@5.0.8:
    resolution: {integrity: sha512-JZyDyq3D4AUifKTPOB7DELf6XsB3WdPuNxCtob1vFXPsSXhdAiHBWJ/tJ8HAc9aH84BK+5JFZLNkJKx3G9kzQg==}
    engines: {node: 20 || >=22}

  code-block-writer@13.0.3:
    resolution: {integrity: sha512-Oofo0pq3IKnsFtuHqSF7TqBfr71aeyZDVJ0HpmqB7FBM2qEigL0iPONSCZSO9pE9dZTAxANe5XHG9Uy0YMv8cg==}

  core-js@3.49.0:
    resolution: {integrity: sha512-es1U2+YTtzpwkxVLwAFdSpaIMyQaq0PBgm3YD1W3Qpsn1NAmO3KSgZfu+oGSWVu6NvLHoHCV/aYcsE5wiB7ALg==}

  csstype@3.2.3:
    resolution: {integrity: sha512-z1HGKcYy2xA8AGQfwrn0PAy+PB7X/GSj3UVJW9qKyn43xWa+gl5nXmU4qqLMRzWVLFC8KusUX8T/0kCiOYpAIQ==}

  dompurify@3.4.12:
    resolution: {integrity: sha512-zQvGet8Z2sWbQhCmfFz/T5QWH2oBmjnqK3qvOjaqaNLrLEF912WamU+ohnTp0TCep/MFVHpdJuCZEdFOdTnEFg==}

  eslint-plugin-react-native-globals@0.1.2:
    resolution: {integrity: sha512-9aEPf1JEpiTjcFAmmyw8eiIXmcNZOqaZyHO77wgm0/dWfT/oxC1SrIq8ET38pMxHYrcB6Uew+TzUVsBeczF88g==}

  eslint-plugin-react-native@5.0.0:
    resolution: {integrity: sha512-VyWlyCC/7FC/aONibOwLkzmyKg4j9oI8fzrk9WYNs4I8/m436JuOTAFwLvEn1CVvc7La4cPfbCyspP4OYpP52Q==}
    peerDependencies:
      eslint: ^3.17.0 || ^4 || ^5 || ^6 || ^7 || ^8 || ^9
    peerDependenciesMeta:
      eslint:
        optional: true

  eslint-plugin-safe-jsx@1.3.0:
    resolution: {integrity: sha512-6IvENBEMjHLxp8TOtSHwZ2qmlsZ1XQEyyO9EVDBze37rLvXyPXmqs0wjFNbXFQpF+oTJhEg7hr/x9qMthqezrw==}
    engines: {node: '>=4.0'}
    peerDependencies:
      eslint: ^3 || ^4 || ^5 || ^6 || ^7 || ^8 || ^9 || ^10
    peerDependenciesMeta:
      eslint:
        optional: true

  fdir@6.5.0:
    resolution: {integrity: sha512-tIbYtZbucOs0BRGqPJkshJUYdL+SDH7dVM8gjy+ERp3WAUjLEFJE+02kanyHtwjWOnwrKYBiwAmM0p4kLJAnXg==}
    engines: {node: '>=12.0.0'}
    peerDependencies:
      picomatch: ^3 || ^4
    peerDependenciesMeta:
      picomatch:
        optional: true

  fflate@0.4.9:
    resolution: {integrity: sha512-zdxgIEddhfsyCaWpJ2SdXEP8ZMrKJ6+5jl4OupODcywU0IhRk6gdXuVGcPICyfx2H97hVK7xmJtRLPjkxAX8Vw==}

  minimatch@10.2.5:
    resolution: {integrity: sha512-MULkVLfKGYDFYejP07QOurDLLQpcjk7Fw+7jXS2R2czRQzR56yHRveU5NDJEOviH+hETZKSkIk5c+T23GjFUMg==}
    engines: {node: 18 || 20 || >=22}

  oxfmt@0.60.0:
    resolution: {integrity: sha512-fViX6i+gJuZWY+jI/fnR6WRbRj70GZ9RlCd30MygJrHTUNc4DxvKHWw8vBjMjffv3PgU5qWDR0AzmojQByqaZA==}
    engines: {node: ^20.19.0 || >=22.12.0}
    hasBin: true
    peerDependencies:
      svelte: ^5.0.0
      vite-plus: '*'
    peerDependenciesMeta:
      svelte:
        optional: true
      vite-plus:
        optional: true

  oxlint@1.75.0:
    resolution: {integrity: sha512-m9WzjRcRYA/uqIZDa9tclrieoPJ/ln1QYTKdFx6NUOs8uY5DiHlIwRQoCrHT6OM6O3ww3l2skY5gO7G7ZphE7g==}
    engines: {node: ^20.19.0 || >=22.12.0}
    hasBin: true
    peerDependencies:
      oxlint-tsgolint: '>=7.0.2001'
      vite-plus: '*'
    peerDependenciesMeta:
      oxlint-tsgolint:
        optional: true
      vite-plus:
        optional: true

  path-browserify@1.0.1:
    resolution: {integrity: sha512-b7uo2UCUOYZcnF/3ID0lulOJi/bafxa1xPe7ZPsammBSpjSWQkjNxlt635YGS2MiR9GjvuXCtz2emr3jbsz98g==}

  picomatch@4.0.5:
    resolution: {integrity: sha512-RvwwcruNjI1ncT5xRakeyS9Lf8lcItv34KD+aif+VH9kduAyfYBipGh12274xtenIPZ119/R9BdTBa8gAwSh0A==}
    engines: {node: '>=12'}

  posthog-js@1.407.2:
    resolution: {integrity: sha512-5deTvXopn+NJWEmCUw8Ix/ms3cv2+60WJ73Vgbvu2wSkZY/FIj2uqAgCnq7IewGpGC+tH7CAbPYFzH6hw8eW1w==}

  posthog-node@5.46.1:
    resolution: {integrity: sha512-WjCqExq44pBdyg9MSsH6UAE0tNZ88p4aIuVFicgqhjf2Fbws6IhS4ioYUa4aBrbUPS9EDRXtBTtF5DpP1ml8Pw==}
    engines: {node: ^20.20.0 || >=22.22.0}
    peerDependencies:
      rxjs: ^7.0.0
    peerDependenciesMeta:
      rxjs:
        optional: true

  posthog-react-native@4.60.0:
    resolution: {integrity: sha512-aNYaYmP19Yp3t4WHzw/8rvgMGWAwFa1atJr2H23RUBgW7Bt1vHFRwT/L0H9w14xhTIysFvS0H4pplHpVKTIcVw==}
    peerDependencies:
      '@posthog/react-native-plugin': '>= 2.2.0'
      '@react-native-async-storage/async-storage': '>=1.0.0'
      '@react-navigation/native': '>= 5.0.0'
      expo-application: '>= 4.0.0'
      expo-device: '>= 4.0.0'
      expo-file-system: '>= 13.0.0'
      expo-localization: '>= 11.0.0'
      posthog-react-native-session-replay: '>= 1.6.0'
      react-native-device-info: '>= 10.0.0'
      react-native-localize: '>= 3.0.0'
      react-native-navigation: '>= 6.0.0'
      react-native-safe-area-context: '>= 4.0.0'
      react-native-svg: '>= 15.0.0'
    peerDependenciesMeta:
      '@posthog/react-native-plugin':
        optional: true
      '@react-native-async-storage/async-storage':
        optional: true
      '@react-navigation/native':
        optional: true
      expo-application:
        optional: true
      expo-device:
        optional: true
      expo-file-system:
        optional: true
      expo-localization:
        optional: true
      posthog-react-native-session-replay:
        optional: true
      react-native-device-info:
        optional: true
      react-native-localize:
        optional: true
      react-native-navigation:
        optional: true
      react-native-safe-area-context:
        optional: true
      react-native-svg:
        optional: true

  preact@10.29.7:
    resolution: {integrity: sha512-DCHYrK/B10yUD3ZjLfhZ3WIE/9Vf9VFUODcRE2dRomTYDpJk6z6L9wecSfhfE6M9ZTHUdyQkoC46arIDhEV84Q==}
    peerDependencies:
      preact-render-to-string: '>=5'
    peerDependenciesMeta:
      preact-render-to-string:
        optional: true

  query-selector-shadow-dom@1.0.1:
    resolution: {integrity: sha512-lT5yCqEBgfoMYpf3F2xQRK7zEr1rhIIZuceDK6+xRkJQ4NMbHTwXqk4NkwDwQMNqXgG9r9fyHnzwNVs6zV5KRw==}

  react@19.2.8:
    resolution: {integrity: sha512-PWaYA1L/q9u2u7xYQi+Y3L3Yfnie7XyLeaJICV1MGD6LprsBxcAqGjYyr0eY3p+QdsA+x/Irkt4Qif8D63+Sbw==}
    engines: {node: '>=0.10.0'}

  tinyglobby@0.2.17:
    resolution: {integrity: sha512-wXR/dYpcqKmfWpEdZjiKJOwCNFndD0DMnrW/cYjVGttEkBfVgcLFHoNrlj47mjOVic9yyNu65alsgF4NQyTa2g==}
    engines: {node: '>=12.0.0'}

  tinypool@2.1.0:
    resolution: {integrity: sha512-Pugqs6M0m7Lv1I7FtxN4aoyToKg1C4tu+/381vH35y8oENM/Ai7f7C4StcoK4/+BSw9ebcS8jRiVrORFKCALLw==}
    engines: {node: ^20.0.0 || >=22.0.0}

  ts-morph@28.0.0:
    resolution: {integrity: sha512-Wp3tnZ2bzwxyTZMtgWVzXDfm7lB1Drz+y9DmmYH/L702PQhPyVrp3pkou3yIz4qjS14GY9kcpmLiOOMvl8oG1g==}

  turbo@2.10.7:
    resolution: {integrity: sha512-GHx6WExIFSKNJ5qMlzDpXBXlu9ApxaMjqxAVrCNcW94xf/+uqgIz41SAuRUMbXva2ExNAaY/h8V0q90SWSzmRw==}
    hasBin: true

  typescript@7.0.2:
    resolution: {integrity: sha512-8FYau96o3NKOhbjKi/qNvG/W5jhzxkbdm5sj9AbZ/5T5sWqn3hJgLfGx27sRKZWTvyzCP8dLRBTf5tBTSRVUNA==}
    engines: {node: '>=16.20.0'}
    hasBin: true

  undici-types@8.3.0:
    resolution: {integrity: sha512-j375ScV60dom+YkPFIfTLcOiPxkN/buHz5GobjLhixFuANaNs3C9l4GmrWqejgXWJ7BbJcFYpTEUkS1Ge8bpZQ==}

  web-vitals@5.3.0:
    resolution: {integrity: sha512-q6LWsLatGYZp5VGBIOvbTj6JBV2nOmC8KvWztXBmwJcfFAzhwKwbOxhUH306XY3CcaZDUlSmSuNPBsCn0bFu+g==}

snapshots:

  '@oxfmt/binding-android-arm-eabi@0.60.0':
    optional: true

  '@oxfmt/binding-android-arm64@0.60.0':
    optional: true

  '@oxfmt/binding-darwin-arm64@0.60.0':
    optional: true

  '@oxfmt/binding-darwin-x64@0.60.0':
    optional: true

  '@oxfmt/binding-freebsd-x64@0.60.0':
    optional: true

  '@oxfmt/binding-linux-arm-gnueabihf@0.60.0':
    optional: true

  '@oxfmt/binding-linux-arm-musleabihf@0.60.0':
    optional: true

  '@oxfmt/binding-linux-arm64-gnu@0.60.0':
    optional: true

  '@oxfmt/binding-linux-arm64-musl@0.60.0':
    optional: true

  '@oxfmt/binding-linux-ppc64-gnu@0.60.0':
    optional: true

  '@oxfmt/binding-linux-riscv64-gnu@0.60.0':
    optional: true

  '@oxfmt/binding-linux-riscv64-musl@0.60.0':
    optional: true

  '@oxfmt/binding-linux-s390x-gnu@0.60.0':
    optional: true

  '@oxfmt/binding-linux-x64-gnu@0.60.0':
    optional: true

  '@oxfmt/binding-linux-x64-musl@0.60.0':
    optional: true

  '@oxfmt/binding-openharmony-arm64@0.60.0':
    optional: true

  '@oxfmt/binding-win32-arm64-msvc@0.60.0':
    optional: true

  '@oxfmt/binding-win32-ia32-msvc@0.60.0':
    optional: true

  '@oxfmt/binding-win32-x64-msvc@0.60.0':
    optional: true

  '@oxlint/binding-android-arm-eabi@1.75.0':
    optional: true

  '@oxlint/binding-android-arm64@1.75.0':
    optional: true

  '@oxlint/binding-darwin-arm64@1.75.0':
    optional: true

  '@oxlint/binding-darwin-x64@1.75.0':
    optional: true

  '@oxlint/binding-freebsd-x64@1.75.0':
    optional: true

  '@oxlint/binding-linux-arm-gnueabihf@1.75.0':
    optional: true

  '@oxlint/binding-linux-arm-musleabihf@1.75.0':
    optional: true

  '@oxlint/binding-linux-arm64-gnu@1.75.0':
    optional: true

  '@oxlint/binding-linux-arm64-musl@1.75.0':
    optional: true

  '@oxlint/binding-linux-ppc64-gnu@1.75.0':
    optional: true

  '@oxlint/binding-linux-riscv64-gnu@1.75.0':
    optional: true

  '@oxlint/binding-linux-riscv64-musl@1.75.0':
    optional: true

  '@oxlint/binding-linux-s390x-gnu@1.75.0':
    optional: true

  '@oxlint/binding-linux-x64-gnu@1.75.0':
    optional: true

  '@oxlint/binding-linux-x64-musl@1.75.0':
    optional: true

  '@oxlint/binding-openharmony-arm64@1.75.0':
    optional: true

  '@oxlint/binding-win32-arm64-msvc@1.75.0':
    optional: true

  '@oxlint/binding-win32-ia32-msvc@1.75.0':
    optional: true

  '@oxlint/binding-win32-x64-msvc@1.75.0':
    optional: true

  '@posthog/browser-common@0.2.1':
    dependencies:
      '@posthog/core': 1.45.1
      '@posthog/types': 1.398.0

  '@posthog/core@1.45.1':
    dependencies:
      '@posthog/types': 1.398.0

  '@posthog/react@1.10.3(@types/react@19.2.17)(posthog-js@1.407.2)(react@19.2.8)':
    dependencies:
      posthog-js: 1.407.2
      react: 19.2.8
    optionalDependencies:
      '@types/react': 19.2.17

  '@posthog/types@1.398.0': {}

  '@ts-morph/common@0.29.0':
    dependencies:
      minimatch: 10.2.5
      path-browserify: 1.0.1
      tinyglobby: 0.2.17

  '@turbo/darwin-64@2.10.7':
    optional: true

  '@turbo/darwin-arm64@2.10.7':
    optional: true

  '@turbo/linux-64@2.10.7':
    optional: true

  '@turbo/linux-arm64@2.10.7':
    optional: true

  '@turbo/windows-64@2.10.7':
    optional: true

  '@turbo/windows-arm64@2.10.7':
    optional: true

  '@types/node@26.1.1':
    dependencies:
      undici-types: 8.3.0

  '@types/react@19.2.17':
    dependencies:
      csstype: 3.2.3

  '@types/trusted-types@2.0.7':
    optional: true

  '@typescript/typescript-aix-ppc64@7.0.2':
    optional: true

  '@typescript/typescript-darwin-arm64@7.0.2':
    optional: true

  '@typescript/typescript-darwin-x64@7.0.2':
    optional: true

  '@typescript/typescript-freebsd-arm64@7.0.2':
    optional: true

  '@typescript/typescript-freebsd-x64@7.0.2':
    optional: true

  '@typescript/typescript-linux-arm64@7.0.2':
    optional: true

  '@typescript/typescript-linux-arm@7.0.2':
    optional: true

  '@typescript/typescript-linux-loong64@7.0.2':
    optional: true

  '@typescript/typescript-linux-mips64el@7.0.2':
    optional: true

  '@typescript/typescript-linux-ppc64@7.0.2':
    optional: true

  '@typescript/typescript-linux-riscv64@7.0.2':
    optional: true

  '@typescript/typescript-linux-s390x@7.0.2':
    optional: true

  '@typescript/typescript-linux-x64@7.0.2':
    optional: true

  '@typescript/typescript-netbsd-arm64@7.0.2':
    optional: true

  '@typescript/typescript-netbsd-x64@7.0.2':
    optional: true

  '@typescript/typescript-openbsd-arm64@7.0.2':
    optional: true

  '@typescript/typescript-openbsd-x64@7.0.2':
    optional: true

  '@typescript/typescript-sunos-x64@7.0.2':
    optional: true

  '@typescript/typescript-win32-arm64@7.0.2':
    optional: true

  '@typescript/typescript-win32-x64@7.0.2':
    optional: true

  balanced-match@4.0.4: {}

  brace-expansion@5.0.8:
    dependencies:
      balanced-match: 4.0.4

  code-block-writer@13.0.3: {}

  core-js@3.49.0: {}

  csstype@3.2.3: {}

  dompurify@3.4.12:
    optionalDependencies:
      '@types/trusted-types': 2.0.7

  eslint-plugin-react-native-globals@0.1.2: {}

  eslint-plugin-react-native@5.0.0:
    dependencies:
      eslint-plugin-react-native-globals: 0.1.2

  eslint-plugin-safe-jsx@1.3.0: {}

  fdir@6.5.0(picomatch@4.0.5):
    optionalDependencies:
      picomatch: 4.0.5

  fflate@0.4.9: {}

  minimatch@10.2.5:
    dependencies:
      brace-expansion: 5.0.8

  oxfmt@0.60.0:
    dependencies:
      tinypool: 2.1.0
    optionalDependencies:
      '@oxfmt/binding-android-arm-eabi': 0.60.0
      '@oxfmt/binding-android-arm64': 0.60.0
      '@oxfmt/binding-darwin-arm64': 0.60.0
      '@oxfmt/binding-darwin-x64': 0.60.0
      '@oxfmt/binding-freebsd-x64': 0.60.0
      '@oxfmt/binding-linux-arm-gnueabihf': 0.60.0
      '@oxfmt/binding-linux-arm-musleabihf': 0.60.0
      '@oxfmt/binding-linux-arm64-gnu': 0.60.0
      '@oxfmt/binding-linux-arm64-musl': 0.60.0
      '@oxfmt/binding-linux-ppc64-gnu': 0.60.0
      '@oxfmt/binding-linux-riscv64-gnu': 0.60.0
      '@oxfmt/binding-linux-riscv64-musl': 0.60.0
      '@oxfmt/binding-linux-s390x-gnu': 0.60.0
      '@oxfmt/binding-linux-x64-gnu': 0.60.0
      '@oxfmt/binding-linux-x64-musl': 0.60.0
      '@oxfmt/binding-openharmony-arm64': 0.60.0
      '@oxfmt/binding-win32-arm64-msvc': 0.60.0
      '@oxfmt/binding-win32-ia32-msvc': 0.60.0
      '@oxfmt/binding-win32-x64-msvc': 0.60.0

  oxlint@1.75.0:
    optionalDependencies:
      '@oxlint/binding-android-arm-eabi': 1.75.0
      '@oxlint/binding-android-arm64': 1.75.0
      '@oxlint/binding-darwin-arm64': 1.75.0
      '@oxlint/binding-darwin-x64': 1.75.0
      '@oxlint/binding-freebsd-x64': 1.75.0
      '@oxlint/binding-linux-arm-gnueabihf': 1.75.0
      '@oxlint/binding-linux-arm-musleabihf': 1.75.0
      '@oxlint/binding-linux-arm64-gnu': 1.75.0
      '@oxlint/binding-linux-arm64-musl': 1.75.0
      '@oxlint/binding-linux-ppc64-gnu': 1.75.0
      '@oxlint/binding-linux-riscv64-gnu': 1.75.0
      '@oxlint/binding-linux-riscv64-musl': 1.75.0
      '@oxlint/binding-linux-s390x-gnu': 1.75.0
      '@oxlint/binding-linux-x64-gnu': 1.75.0
      '@oxlint/binding-linux-x64-musl': 1.75.0
      '@oxlint/binding-openharmony-arm64': 1.75.0
      '@oxlint/binding-win32-arm64-msvc': 1.75.0
      '@oxlint/binding-win32-ia32-msvc': 1.75.0
      '@oxlint/binding-win32-x64-msvc': 1.75.0

  path-browserify@1.0.1: {}

  picomatch@4.0.5: {}

  posthog-js@1.407.2:
    dependencies:
      '@posthog/browser-common': 0.2.1
      '@posthog/core': 1.45.1
      '@posthog/types': 1.398.0
      core-js: 3.49.0
      dompurify: 3.4.12
      fflate: 0.4.9
      preact: 10.29.7
      query-selector-shadow-dom: 1.0.1
      web-vitals: 5.3.0
    transitivePeerDependencies:
      - preact-render-to-string

  posthog-node@5.46.1:
    dependencies:
      '@posthog/core': 1.45.1

  posthog-react-native@4.60.0:
    dependencies:
      '@posthog/core': 1.45.1
      '@posthog/types': 1.398.0

  preact@10.29.7: {}

  query-selector-shadow-dom@1.0.1: {}

  react@19.2.8: {}

  tinyglobby@0.2.17:
    dependencies:
      fdir: 6.5.0(picomatch@4.0.5)
      picomatch: 4.0.5

  tinypool@2.1.0: {}

  ts-morph@28.0.0:
    dependencies:
      '@ts-morph/common': 0.29.0
      code-block-writer: 13.0.3

  turbo@2.10.7:
    optionalDependencies:
      '@turbo/darwin-64': 2.10.7
      '@turbo/darwin-arm64': 2.10.7
      '@turbo/linux-64': 2.10.7
      '@turbo/linux-arm64': 2.10.7
      '@turbo/windows-64': 2.10.7
      '@turbo/windows-arm64': 2.10.7

  typescript@7.0.2:
    optionalDependencies:
      '@typescript/typescript-aix-ppc64': 7.0.2
      '@typescript/typescript-darwin-arm64': 7.0.2
      '@typescript/typescript-darwin-x64': 7.0.2
      '@typescript/typescript-freebsd-arm64': 7.0.2
      '@typescript/typescript-freebsd-x64': 7.0.2
      '@typescript/typescript-linux-arm': 7.0.2
      '@typescript/typescript-linux-arm64': 7.0.2
      '@typescript/typescript-linux-loong64': 7.0.2
      '@typescript/typescript-linux-mips64el': 7.0.2
      '@typescript/typescript-linux-ppc64': 7.0.2
      '@typescript/typescript-linux-riscv64': 7.0.2
      '@typescript/typescript-linux-s390x': 7.0.2
      '@typescript/typescript-linux-x64': 7.0.2
      '@typescript/typescript-netbsd-arm64': 7.0.2
      '@typescript/typescript-netbsd-x64': 7.0.2
      '@typescript/typescript-openbsd-arm64': 7.0.2
      '@typescript/typescript-openbsd-x64': 7.0.2
      '@typescript/typescript-sunos-x64': 7.0.2
      '@typescript/typescript-win32-arm64': 7.0.2
      '@typescript/typescript-win32-x64': 7.0.2

  undici-types@8.3.0: {}

  web-vitals@5.3.0: {}
